
Microsoft Visual Studio Solution File, Format Version 12.00
# Visual Studio Version 17
VisualStudioVersion = 17.14.36221.1 d17.14
MinimumVisualStudioVersion = 10.0.40219.1
Project("{FAE04EC0-301F-11D3-BF4B-00C04F79EFBC}") = "projetoCommand", "projetoCommand\projetoCommand.csproj", "{4BEB8718-4E76-4D2E-94E7-DD5797BDCAA6}"
EndProject
Global
	GlobalSection(SolutionConfigurationPlatforms) = preSolution
		Debug|Any CPU = Debug|Any CPU
		Release|Any CPU = Release|Any CPU
	EndGlobalSection
	GlobalSection(ProjectConfigurationPlatforms) = postSolution
		{4BEB8718-4E76-4D2E-94E7-DD5797BDCAA6}.Debug|Any CPU.ActiveCfg = Debug|Any CPU
		{4BEB8718-4E76-4D2E-94E7-DD5797BDCAA6}.Debug|Any CPU.Build.0 = Debug|Any CPU
		{4BEB8718-4E76-4D2E-94E7-DD5797BDCAA6}.Release|Any CPU.ActiveCfg = Release|Any CPU
		{4BEB8718-4E76-4D2E-94E7-DD5797BDCAA6}.Release|Any CPU.Build.0 = Release|Any CPU
	EndGlobalSection
	GlobalSection(SolutionProperties) = preSolution
		HideSolutionNode = FALSE
	EndGlobalSection
	GlobalSection(ExtensibilityGlobals) = postSolution
		SolutionGuid = {D9DE3BDF-3424-4B2F-86E0-54C166E2FE2A}
	EndGlobalSection
EndGlobal
